
Microsoft Visual Studio Solution File, Format Version 12.00
# Visual Studio 15
Project("{FAE04EC0-301F-11D3-BF4B-00C04F79EFBC}") = "Array", "Array\Array.csproj", "{032D9742-3FFE-4286-A96A-69E0062A8CC4}"
EndProject
Global
	GlobalSection(SolutionConfigurationPlatforms) = preSolution
		Debug|Any CPU = Debug|Any CPU
		Release|Any CPU = Release|Any CPU
	EndGlobalSection
	GlobalSection(ProjectConfigurationPlatforms) = postSolution
		{032D9742-3FFE-4286-A96A-69E0062A8CC4}.Debug|Any CPU.ActiveCfg = Debug|Any CPU
		{032D9742-3FFE-4286-A96A-69E0062A8CC4}.Debug|Any CPU.Build.0 = Debug|Any CPU
		{032D9742-3FFE-4286-A96A-69E0062A8CC4}.Release|Any CPU.ActiveCfg = Release|Any CPU
		{032D9742-3FFE-4286-A96A-69E0062A8CC4}.Release|Any CPU.Build.0 = Release|Any CPU
	EndGlobalSection
EndGlobal
